
Microsoft Visual Studio Solution File, Format Version 12.00
# Visual Studio Version 16
VisualStudioVersion = 16.0.29519.87
MinimumVisualStudioVersion = 10.0.40219.1
Project("{FAE04EC0-301F-11D3-BF4B-00C04F79EFBC}") = "CRUD Department", "CRUD Department.csproj", "{D3D4836B-8255-432B-B113-DCEFE27C8357}"
EndProject
Global
	GlobalSection(SolutionConfigurationPlatforms) = preSolution
		Debug|Any CPU = Debug|Any CPU
		Release|Any CPU = Release|Any CPU
	EndGlobalSection
	GlobalSection(ProjectConfigurationPlatforms) = postSolution
		{D3D4836B-8255-432B-B113-DCEFE27C8357}.Debug|Any CPU.ActiveCfg = Debug|Any CPU
		{D3D4836B-8255-432B-B113-DCEFE27C8357}.Debug|Any CPU.Build.0 = Debug|Any CPU
		{D3D4836B-8255-432B-B113-DCEFE27C8357}.Release|Any CPU.ActiveCfg = Release|Any CPU
		{D3D4836B-8255-432B-B113-DCEFE27C8357}.Release|Any CPU.Build.0 = Release|Any CPU
	EndGlobalSection
	GlobalSection(SolutionProperties) = preSolution
		HideSolutionNode = FALSE
	EndGlobalSection
	GlobalSection(ExtensibilityGlobals) = postSolution
		SolutionGuid = {B9E1E662-CB05-4CEB-9A13-AF53523CD959}
	EndGlobalSection
EndGlobal
